
Microsoft Visual Studio Solution File, Format Version 12.00
# Visual Studio Version 17
VisualStudioVersion = 17.2.32602.215
MinimumVisualStudioVersion = 10.0.40219.1
Project("{FAE04EC0-301F-11D3-BF4B-00C04F79EFBC}") = "Lab4", "Lab4\Lab4.csproj", "{3E0AFAA2-A68F-48E1-A9DB-95D0F9A21C97}"
EndProject
Global
	GlobalSection(SolutionConfigurationPlatforms) = preSolution
		Debug|Any CPU = Debug|Any CPU
		Release|Any CPU = Release|Any CPU
	EndGlobalSection
	GlobalSection(ProjectConfigurationPlatforms) = postSolution
		{3E0AFAA2-A68F-48E1-A9DB-95D0F9A21C97}.Debug|Any CPU.ActiveCfg = Debug|Any CPU
		{3E0AFAA2-A68F-48E1-A9DB-95D0F9A21C97}.Debug|Any CPU.Build.0 = Debug|Any CPU
		{3E0AFAA2-A68F-48E1-A9DB-95D0F9A21C97}.Release|Any CPU.ActiveCfg = Release|Any CPU
		{3E0AFAA2-A68F-48E1-A9DB-95D0F9A21C97}.Release|Any CPU.Build.0 = Release|Any CPU
	EndGlobalSection
	GlobalSection(SolutionProperties) = preSolution
		HideSolutionNode = FALSE
	EndGlobalSection
	GlobalSection(ExtensibilityGlobals) = postSolution
		SolutionGuid = {324899C2-7BA0-4BB0-9875-FEF97285E73D}
	EndGlobalSection
EndGlobal
