
Microsoft Visual Studio Solution File, Format Version 12.00
# Visual Studio Version 17
VisualStudioVersion = 17.1.32421.90
MinimumVisualStudioVersion = 10.0.40219.1
Project("{FAE04EC0-301F-11D3-BF4B-00C04F79EFBC}") = "Lab1", "Lab1\Lab1.csproj", "{FF205B0E-F23A-4789-8B99-5897F13A1EBF}"
EndProject
Project("{FAE04EC0-301F-11D3-BF4B-00C04F79EFBC}") = "Classes", "Classes\Classes.csproj", "{FB446419-2DBB-4597-BAD6-AD6D2FA82377}"
EndProject
Global
	GlobalSection(SolutionConfigurationPlatforms) = preSolution
		Debug|Any CPU = Debug|Any CPU
		Release|Any CPU = Release|Any CPU
	EndGlobalSection
	GlobalSection(ProjectConfigurationPlatforms) = postSolution
		{FF205B0E-F23A-4789-8B99-5897F13A1EBF}.Debug|Any CPU.ActiveCfg = Debug|Any CPU
		{FF205B0E-F23A-4789-8B99-5897F13A1EBF}.Debug|Any CPU.Build.0 = Debug|Any CPU
		{FF205B0E-F23A-4789-8B99-5897F13A1EBF}.Release|Any CPU.ActiveCfg = Release|Any CPU
		{FF205B0E-F23A-4789-8B99-5897F13A1EBF}.Release|Any CPU.Build.0 = Release|Any CPU
		{FB446419-2DBB-4597-BAD6-AD6D2FA82377}.Debug|Any CPU.ActiveCfg = Debug|Any CPU
		{FB446419-2DBB-4597-BAD6-AD6D2FA82377}.Debug|Any CPU.Build.0 = Debug|Any CPU
		{FB446419-2DBB-4597-BAD6-AD6D2FA82377}.Release|Any CPU.ActiveCfg = Release|Any CPU
		{FB446419-2DBB-4597-BAD6-AD6D2FA82377}.Release|Any CPU.Build.0 = Release|Any CPU
	EndGlobalSection
	GlobalSection(SolutionProperties) = preSolution
		HideSolutionNode = FALSE
	EndGlobalSection
	GlobalSection(ExtensibilityGlobals) = postSolution
		SolutionGuid = {3053EB93-3728-42B9-82C2-EF6AFA4DE8AD}
	EndGlobalSection
EndGlobal
