
Microsoft Visual Studio Solution File, Format Version 12.00
# Visual Studio Version 17
VisualStudioVersion = 17.2.32602.215
MinimumVisualStudioVersion = 10.0.40219.1
Project("{FAE04EC0-301F-11D3-BF4B-00C04F79EFBC}") = "Lab3", "Lab3\Lab3.csproj", "{DF46C4CC-0982-4CE0-9BF3-D252040FDCEC}"
EndProject
Global
	GlobalSection(SolutionConfigurationPlatforms) = preSolution
		Debug|Any CPU = Debug|Any CPU
		Release|Any CPU = Release|Any CPU
	EndGlobalSection
	GlobalSection(ProjectConfigurationPlatforms) = postSolution
		{DF46C4CC-0982-4CE0-9BF3-D252040FDCEC}.Debug|Any CPU.ActiveCfg = Debug|Any CPU
		{DF46C4CC-0982-4CE0-9BF3-D252040FDCEC}.Debug|Any CPU.Build.0 = Debug|Any CPU
		{DF46C4CC-0982-4CE0-9BF3-D252040FDCEC}.Release|Any CPU.ActiveCfg = Release|Any CPU
		{DF46C4CC-0982-4CE0-9BF3-D252040FDCEC}.Release|Any CPU.Build.0 = Release|Any CPU
	EndGlobalSection
	GlobalSection(SolutionProperties) = preSolution
		HideSolutionNode = FALSE
	EndGlobalSection
	GlobalSection(ExtensibilityGlobals) = postSolution
		SolutionGuid = {5C856934-FAD8-483A-BBCF-CDD07E0A6BFF}
	EndGlobalSection
EndGlobal
